
Microsoft Visual Studio Solution File, Format Version 12.00
# Visual Studio Version 16
VisualStudioVersion = 16.0.31019.35
MinimumVisualStudioVersion = 10.0.40219.1
Project("{FAE04EC0-301F-11D3-BF4B-00C04F79EFBC}") = "OC-Gen-Windows", "OC-Gen-Windows\OC-Gen-Windows.csproj", "{90266171-677D-4989-A646-7D9EE260EF55}"
EndProject
Global
	GlobalSection(SolutionConfigurationPlatforms) = preSolution
		Debug|Any CPU = Debug|Any CPU
		Release|Any CPU = Release|Any CPU
	EndGlobalSection
	GlobalSection(ProjectConfigurationPlatforms) = postSolution
		{90266171-677D-4989-A646-7D9EE260EF55}.Debug|Any CPU.ActiveCfg = Debug|Any CPU
		{90266171-677D-4989-A646-7D9EE260EF55}.Debug|Any CPU.Build.0 = Debug|Any CPU
		{90266171-677D-4989-A646-7D9EE260EF55}.Release|Any CPU.ActiveCfg = Release|Any CPU
		{90266171-677D-4989-A646-7D9EE260EF55}.Release|Any CPU.Build.0 = Release|Any CPU
	EndGlobalSection
	GlobalSection(SolutionProperties) = preSolution
		HideSolutionNode = FALSE
	EndGlobalSection
	GlobalSection(ExtensibilityGlobals) = postSolution
		SolutionGuid = {E2DD339B-A716-4FD3-8ED5-BA5E22B70B53}
	EndGlobalSection
EndGlobal
